
Microsoft Visual Studio Solution File, Format Version 12.00
# Visual Studio Version 17
VisualStudioVersion = 17.3.32811.315
MinimumVisualStudioVersion = 10.0.40219.1
Project("{2150E333-8FDC-42A3-9474-1A3956D46DE8}") = "src", "src", "{549B89EC-F22E-4430-9A64-FD3253EC7FC0}"
EndProject
Project("{2150E333-8FDC-42A3-9474-1A3956D46DE8}") = "Api", "Api", "{4FA7457C-2694-40BD-B62C-BC499BEC29BA}"
EndProject
Project("{2150E333-8FDC-42A3-9474-1A3956D46DE8}") = "Core", "Core", "{793B9798-C433-4831-A37E-4B6CF6407414}"
EndProject
Project("{2150E333-8FDC-42A3-9474-1A3956D46DE8}") = "Infrastructure", "Infrastructure", "{3E6E13E8-2337-4A6E-9938-94D3BB51FCF0}"
EndProject
Project("{2150E333-8FDC-42A3-9474-1A3956D46DE8}") = "WebApi", "WebApi", "{1AC4E014-E220-4869-AD37-1CE9BE0C4E64}"
EndProject
Project("{2150E333-8FDC-42A3-9474-1A3956D46DE8}") = "Clients", "Clients", "{8B42B9E3-BFF1-4033-9D00-F4F04D9D47B1}"
EndProject
Project("{2150E333-8FDC-42A3-9474-1A3956D46DE8}") = "BlazorWeb", "BlazorWeb", "{02431BA5-50C0-40B7-8A58-B198E4053ABC}"
EndProject
Project("{2150E333-8FDC-42A3-9474-1A3956D46DE8}") = "Common", "Common", "{72551198-9695-452E-9C9D-ED01F8529638}"
EndProject
Project("{2150E333-8FDC-42A3-9474-1A3956D46DE8}") = "Projections", "Projections", "{E5955155-7495-4E99-BE80-8E5232D31BCC}"
EndProject
Project("{FAE04EC0-301F-11D3-BF4B-00C04F79EFBC}") = "UniSozluk.Common", "src\Common\UniSozluk.Common\UniSozluk.Common.csproj", "{9709D4EB-9798-4C27-BF98-D7D333568897}"
EndProject
Project("{FAE04EC0-301F-11D3-BF4B-00C04F79EFBC}") = "UniSozluk.Infrastructure.Persistence", "src\Api\Infrastructure\UniSozluk.Infrastructure.Persistence\UniSozluk.Infrastructure.Persistence.csproj", "{6F7797F9-1DB9-48BD-BCC7-4D45B85FF992}"
EndProject
Project("{FAE04EC0-301F-11D3-BF4B-00C04F79EFBC}") = "UniSozluk.Api.Application", "src\Api\Core\UniSozluk.Api.Application\UniSozluk.Api.Application.csproj", "{51CA0EAC-6CC9-4BC9-BDB4-43F9FBBFA2DF}"
EndProject
Project("{FAE04EC0-301F-11D3-BF4B-00C04F79EFBC}") = "UniSozluk.Api.Domain", "src\Api\Core\UniSozluk.Api.Domain\UniSozluk.Api.Domain.csproj", "{FFFC1699-1C8D-43D8-A593-53851B4BC0B9}"
EndProject
Project("{FAE04EC0-301F-11D3-BF4B-00C04F79EFBC}") = "UniSozluk.Api.WebApi", "src\Api\WebApi\UniSozluk.Api.WebApi\UniSozluk.Api.WebApi.csproj", "{D0ADA3A6-5F23-443D-800B-A798886379FD}"
EndProject
Project("{FAE04EC0-301F-11D3-BF4B-00C04F79EFBC}") = "UniSozluk.Projections.FavoriteService", "src\Projections\UniSozluk.Projections.FavoriteService\UniSozluk.Projections.FavoriteService.csproj", "{5D64CEA2-ADBD-4FEF-855E-B93BA7AE7285}"
EndProject
Project("{FAE04EC0-301F-11D3-BF4B-00C04F79EFBC}") = "UniSozluk.Projections.VoteService", "src\Projections\UniSozluk.Projections.VoteService\UniSozluk.Projections.VoteService.csproj", "{5B9A2235-018A-43F8-90EB-7BAE64774B08}"
EndProject
Project("{FAE04EC0-301F-11D3-BF4B-00C04F79EFBC}") = "UniSozluk.Projections.UserService", "src\Projections\UniSozluk.Projections.UserService\UniSozluk.Projections.UserService.csproj", "{89AC7BE1-9E61-4FAE-9596-25C70C2802B1}"
EndProject
Project("{FAE04EC0-301F-11D3-BF4B-00C04F79EFBC}") = "UniSozluk.WebApp", "src\Clients\BlazorWeb\UniSozluk.WebApp\UniSozluk.WebApp.csproj", "{E569F72A-6FAB-4C66-920F-B2654C5FA338}"
EndProject
Global
	GlobalSection(SolutionConfigurationPlatforms) = preSolution
		Debug|Any CPU = Debug|Any CPU
		Release|Any CPU = Release|Any CPU
	EndGlobalSection
	GlobalSection(ProjectConfigurationPlatforms) = postSolution
		{9709D4EB-9798-4C27-BF98-D7D333568897}.Debug|Any CPU.ActiveCfg = Debug|Any CPU
		{9709D4EB-9798-4C27-BF98-D7D333568897}.Debug|Any CPU.Build.0 = Debug|Any CPU
		{9709D4EB-9798-4C27-BF98-D7D333568897}.Release|Any CPU.ActiveCfg = Release|Any CPU
		{9709D4EB-9798-4C27-BF98-D7D333568897}.Release|Any CPU.Build.0 = Release|Any CPU
		{6F7797F9-1DB9-48BD-BCC7-4D45B85FF992}.Debug|Any CPU.ActiveCfg = Debug|Any CPU
		{6F7797F9-1DB9-48BD-BCC7-4D45B85FF992}.Debug|Any CPU.Build.0 = Debug|Any CPU
		{6F7797F9-1DB9-48BD-BCC7-4D45B85FF992}.Release|Any CPU.ActiveCfg = Release|Any CPU
		{6F7797F9-1DB9-48BD-BCC7-4D45B85FF992}.Release|Any CPU.Build.0 = Release|Any CPU
		{51CA0EAC-6CC9-4BC9-BDB4-43F9FBBFA2DF}.Debug|Any CPU.ActiveCfg = Debug|Any CPU
		{51CA0EAC-6CC9-4BC9-BDB4-43F9FBBFA2DF}.Debug|Any CPU.Build.0 = Debug|Any CPU
		{51CA0EAC-6CC9-4BC9-BDB4-43F9FBBFA2DF}.Release|Any CPU.ActiveCfg = Release|Any CPU
		{51CA0EAC-6CC9-4BC9-BDB4-43F9FBBFA2DF}.Release|Any CPU.Build.0 = Release|Any CPU
		{FFFC1699-1C8D-43D8-A593-53851B4BC0B9}.Debug|Any CPU.ActiveCfg = Debug|Any CPU
		{FFFC1699-1C8D-43D8-A593-53851B4BC0B9}.Debug|Any CPU.Build.0 = Debug|Any CPU
		{FFFC1699-1C8D-43D8-A593-53851B4BC0B9}.Release|Any CPU.ActiveCfg = Release|Any CPU
		{FFFC1699-1C8D-43D8-A593-53851B4BC0B9}.Release|Any CPU.Build.0 = Release|Any CPU
		{D0ADA3A6-5F23-443D-800B-A798886379FD}.Debug|Any CPU.ActiveCfg = Debug|Any CPU
		{D0ADA3A6-5F23-443D-800B-A798886379FD}.Debug|Any CPU.Build.0 = Debug|Any CPU
		{D0ADA3A6-5F23-443D-800B-A798886379FD}.Release|Any CPU.ActiveCfg = Release|Any CPU
		{D0ADA3A6-5F23-443D-800B-A798886379FD}.Release|Any CPU.Build.0 = Release|Any CPU
		{5D64CEA2-ADBD-4FEF-855E-B93BA7AE7285}.Debug|Any CPU.ActiveCfg = Debug|Any CPU
		{5D64CEA2-ADBD-4FEF-855E-B93BA7AE7285}.Debug|Any CPU.Build.0 = Debug|Any CPU
		{5D64CEA2-ADBD-4FEF-855E-B93BA7AE7285}.Release|Any CPU.ActiveCfg = Release|Any CPU
		{5D64CEA2-ADBD-4FEF-855E-B93BA7AE7285}.Release|Any CPU.Build.0 = Release|Any CPU
		{5B9A2235-018A-43F8-90EB-7BAE64774B08}.Debug|Any CPU.ActiveCfg = Debug|Any CPU
		{5B9A2235-018A-43F8-90EB-7BAE64774B08}.Debug|Any CPU.Build.0 = Debug|Any CPU
		{5B9A2235-018A-43F8-90EB-7BAE64774B08}.Release|Any CPU.ActiveCfg = Release|Any CPU
		{5B9A2235-018A-43F8-90EB-7BAE64774B08}.Release|Any CPU.Build.0 = Release|Any CPU
		{89AC7BE1-9E61-4FAE-9596-25C70C2802B1}.Debug|Any CPU.ActiveCfg = Debug|Any CPU
		{89AC7BE1-9E61-4FAE-9596-25C70C2802B1}.Debug|Any CPU.Build.0 = Debug|Any CPU
		{89AC7BE1-9E61-4FAE-9596-25C70C2802B1}.Release|Any CPU.ActiveCfg = Release|Any CPU
		{89AC7BE1-9E61-4FAE-9596-25C70C2802B1}.Release|Any CPU.Build.0 = Release|Any CPU
		{E569F72A-6FAB-4C66-920F-B2654C5FA338}.Debug|Any CPU.ActiveCfg = Debug|Any CPU
		{E569F72A-6FAB-4C66-920F-B2654C5FA338}.Debug|Any CPU.Build.0 = Debug|Any CPU
		{E569F72A-6FAB-4C66-920F-B2654C5FA338}.Release|Any CPU.ActiveCfg = Release|Any CPU
		{E569F72A-6FAB-4C66-920F-B2654C5FA338}.Release|Any CPU.Build.0 = Release|Any CPU
	EndGlobalSection
	GlobalSection(SolutionProperties) = preSolution
		HideSolutionNode = FALSE
	EndGlobalSection
	GlobalSection(NestedProjects) = preSolution
		{4FA7457C-2694-40BD-B62C-BC499BEC29BA} = {549B89EC-F22E-4430-9A64-FD3253EC7FC0}
		{793B9798-C433-4831-A37E-4B6CF6407414} = {4FA7457C-2694-40BD-B62C-BC499BEC29BA}
		{3E6E13E8-2337-4A6E-9938-94D3BB51FCF0} = {4FA7457C-2694-40BD-B62C-BC499BEC29BA}
		{1AC4E014-E220-4869-AD37-1CE9BE0C4E64} = {4FA7457C-2694-40BD-B62C-BC499BEC29BA}
		{8B42B9E3-BFF1-4033-9D00-F4F04D9D47B1} = {549B89EC-F22E-4430-9A64-FD3253EC7FC0}
		{02431BA5-50C0-40B7-8A58-B198E4053ABC} = {8B42B9E3-BFF1-4033-9D00-F4F04D9D47B1}
		{72551198-9695-452E-9C9D-ED01F8529638} = {549B89EC-F22E-4430-9A64-FD3253EC7FC0}
		{E5955155-7495-4E99-BE80-8E5232D31BCC} = {549B89EC-F22E-4430-9A64-FD3253EC7FC0}
		{9709D4EB-9798-4C27-BF98-D7D333568897} = {72551198-9695-452E-9C9D-ED01F8529638}
		{6F7797F9-1DB9-48BD-BCC7-4D45B85FF992} = {3E6E13E8-2337-4A6E-9938-94D3BB51FCF0}
		{51CA0EAC-6CC9-4BC9-BDB4-43F9FBBFA2DF} = {793B9798-C433-4831-A37E-4B6CF6407414}
		{FFFC1699-1C8D-43D8-A593-53851B4BC0B9} = {793B9798-C433-4831-A37E-4B6CF6407414}
		{D0ADA3A6-5F23-443D-800B-A798886379FD} = {1AC4E014-E220-4869-AD37-1CE9BE0C4E64}
		{5D64CEA2-ADBD-4FEF-855E-B93BA7AE7285} = {E5955155-7495-4E99-BE80-8E5232D31BCC}
		{5B9A2235-018A-43F8-90EB-7BAE64774B08} = {E5955155-7495-4E99-BE80-8E5232D31BCC}
		{89AC7BE1-9E61-4FAE-9596-25C70C2802B1} = {E5955155-7495-4E99-BE80-8E5232D31BCC}
		{E569F72A-6FAB-4C66-920F-B2654C5FA338} = {8B42B9E3-BFF1-4033-9D00-F4F04D9D47B1}
	EndGlobalSection
	GlobalSection(ExtensibilityGlobals) = postSolution
		SolutionGuid = {47850F8E-A1DF-4B47-9D1E-69DD9D0BD093}
	EndGlobalSection
EndGlobal
